{
    "_meta": {
        "hash": {
            "sha256": "973ca05b1ea3437281a0030dc79caf4ca2f5b7965dd9bc89a62cae28facdee5b"
        },
        "pipfile-spec": 6,
        "requires": {
            "python_version": "3.14"
        },
        "sources": [
            {
                "name": "pypi",
                "url": "https://pypi.org/simple",
                "verify_ssl": true
            }
        ]
    },
    "default": {
        "aiokafka": {
            "hashes": [
                "sha256:04c8ad27d04d6c53a1859687015a5f4e58b1eb221e8a7342d6c6b04430def53e",
                "sha256:06f5889acf8e1a81d6e14adf035acb29afd1f5836447fa8fa23d3cbe8f7e8608",
                "sha256:08c84b3894d97fd02fcc8886f394000d0f5ce771fab5c498ea2b0dd2f6b46d5b",
                "sha256:1158e630664d9abc74d8a7673bc70dc10737ff758e1457bebc1c05890f29ce2c",
                "sha256:24633931e05a9dc80555a2f845572b6845d2dcb1af12de27837b8602b1b8bc74",
                "sha256:2c01abf9787b1c3f3af779ad8e76d5b74903f590593bc26f33ed48750503e7f7",
                "sha256:42b2436c7c69384d210e9169fbfe339d9f49dbdcfddd8d51c79b9877de545e33",
                "sha256:4aab2767dcc8923626d8d60c314f9ba633563249cff71750db5d70b6ec813da2",
                "sha256:577c1c48b240e9eba57b3d2d806fb3d023a575334fc3953f063179170cc8964f",
                "sha256:5a907abcdf02430df0829ac80f25b8bb849630300fa01365c76e0ae49306f512",
                "sha256:62423895b866f95b5ed8d88335295a37cc5403af64cb7cb0e234f88adc2dff94",
                "sha256:63875fed922c8c7cf470d9b2a82e1b76b4a1baf2ae62e07486cf516fd09ff8f2",
                "sha256:6c77f5953ff4b25c889aef26df1f28df66c58db7abb7f34ecbe48502e9a6d273",
                "sha256:7a57fda053acd1b88c87803ad0381a1d2a29d36ec561550d11ce9154972b8e23",
                "sha256:90511a2c4cf5f343fc2190575041fbc70171654ab0dae64b3bbabd012613bfa7",
                "sha256:a5c827c8883cfe64bc49100de82862225714e1853432df69aba99f135969bb1b",
                "sha256:a9590554fae68ec80099beae5366f2494130535a1a3db0c4fa5ccb08f37f6e46",
                "sha256:b01947553ff1120fa1cb1a05f2c3e5aa47a5378c720bafd09e6630ba18af02aa",
                "sha256:b8ddff02b1e981083dff6d1a80d4502e0e83e0e480faf1f881766ca6f23e8d22",
                "sha256:bdc0a83eb386d2384325d6571f8ef65b4cfa205f8d1c16d7863e8d10cacd995a",
                "sha256:bea5710f7707ed12a7f8661ab38dfa80f5253a405de5ba228f457cc30404eb51",
                "sha256:d7b815b2e5fed9912f1231be6196547a367b9eb3380b487ff5942f0c73a3fb5c",
                "sha256:d87b1a45c57bbb1c17d1900a74739eada27e4f4a0b0932ab3c5a8cbae8bbfe1e",
                "sha256:da8938eac2153ca767ac0144283b3df7e74bb4c0abc0c9a722f3ae63cfbf3a42",
                "sha256:ddc5308c43d48af883667e2f950a0a9739ce2c9bfe69a0b55dc234f58b1b42d6",
                "sha256:e3c8ec1c0606fa645462c7353dc3e4119cade20c4656efa2031682ffaad361c0",
                "sha256:ed991c120fe19fd9439f564201dd746c4839700ef270dd4c3ee6d4895f64fe83",
                "sha256:f96d7fd8fdb5f439f7e7860fd8ec37870265d0578475e82049bce60ab07ca045",
                "sha256:f9e8ab97b935ca681a5f28cf22cf2b5112be86728876b3ec07e4ed5fc6c21f2d",
                "sha256:fdbd69ec70eea4a8dfaa5c35ff4852e90e1277fcc426b9380f0b499b77f13b16",
                "sha256:ff63689cafcd6dd642a15de75b7ae121071d6162cccba16d091bcb28b3886307"
            ],
            "index": "pypi",
            "markers": "python_version >= '3.9'",
            "version": "==0.12.0"
        },
        "aiosqlite": {
            "hashes": [
                "sha256:131bb8056daa3bc875608c631c678cda73922a2d4ba8aec373b19f18c17e7aa3",
                "sha256:2549cf4057f95f53dcba16f2b64e8e2791d7e1adedb13197dd8ed77bb226d7d0"
            ],
            "index": "pypi",
            "markers": "python_version >= '3.9'",
            "version": "==0.21.0"
        },
        "async-timeout": {
            "hashes": [
                "sha256:39e3809566ff85354557ec2398b55e096c8364bacac9405a7a1fa429e77fe76c",
                "sha256:d9321a7a3d5a6a5e187e824d2fa0793ce379a202935782d555d6e9d2735677d3"
            ],
            "markers": "python_version >= '3.8'",
            "version": "==5.0.1"
        },
        "asyncio": {
            "hashes": [
                "sha256:570cd9e50db83bc1629152d4d0b7558d6451bb1bfd5dfc2e935d96fc2f40329b",
                "sha256:c1eddb0659231837046809e68103969b2bef8b0400d59cfa6363f6b5ed8cc88b"
            ],
            "index": "pypi",
            "markers": "python_version >= '3.4'",
            "version": "==4.0.0"
        },
        "packaging": {
            "hashes": [
                "sha256:29572ef2b1f17581046b3a2227d5c611fb25ec70ca1ba8554b24b0e69331a484",
                "sha256:d443872c98d677bf60f6a1f2f8c1cb748e8fe762d2bf9d3148b5599295b0fc4f"
            ],
            "markers": "python_version >= '3.8'",
            "version": "==25.0"
        },
        "typing-extensions": {
            "hashes": [
                "sha256:0cea48d173cc12fa28ecabc3b837ea3cf6f38c6d1136f85cbaaf598984861466",
                "sha256:f0fa19c6845758ab08074a0cfa8b7aecb71c999ca73d62883bc25cc018c4e548"
            ],
            "markers": "python_version >= '3.9'",
            "version": "==4.15.0"
        }
    },
    "develop": {}
}
